
Microsoft Visual Studio Solution File, Format Version 12.00
# Visual Studio Version 16
VisualStudioVersion = 16.0.29728.190
MinimumVisualStudioVersion = 10.0.40219.1
Project("{2150E333-8FDC-42A3-9474-1A3956D46DE8}") = "NetworkModelService", "NetworkModelService", "{856B98D4-35E7-4C14-9AEC-6E1F27ED4D28}"
EndProject
Project("{FAE04EC0-301F-11D3-BF4B-00C04F79EFBC}") = "CIMProfileCreator", "CIMProfileCreator\CIMProfileCreator.csproj", "{68CACDB4-5D51-4371-B4D9-1CA4A6C30E70}"
EndProject
Project("{FAE04EC0-301F-11D3-BF4B-00C04F79EFBC}") = "CIMParser", "CIMParser\CIMParser.csproj", "{8F1C7573-9040-4A59-A7B7-BE19401A16BA}"
EndProject
Global
	GlobalSection(SolutionConfigurationPlatforms) = preSolution
		Debug|Any CPU = Debug|Any CPU
		Release|Any CPU = Release|Any CPU
	EndGlobalSection
	GlobalSection(ProjectConfigurationPlatforms) = postSolution
		{68CACDB4-5D51-4371-B4D9-1CA4A6C30E70}.Debug|Any CPU.ActiveCfg = Debug|Any CPU
		{68CACDB4-5D51-4371-B4D9-1CA4A6C30E70}.Debug|Any CPU.Build.0 = Debug|Any CPU
		{68CACDB4-5D51-4371-B4D9-1CA4A6C30E70}.Release|Any CPU.ActiveCfg = Release|Any CPU
		{68CACDB4-5D51-4371-B4D9-1CA4A6C30E70}.Release|Any CPU.Build.0 = Release|Any CPU
		{8F1C7573-9040-4A59-A7B7-BE19401A16BA}.Debug|Any CPU.ActiveCfg = Debug|Any CPU
		{8F1C7573-9040-4A59-A7B7-BE19401A16BA}.Debug|Any CPU.Build.0 = Debug|Any CPU
		{8F1C7573-9040-4A59-A7B7-BE19401A16BA}.Release|Any CPU.ActiveCfg = Release|Any CPU
		{8F1C7573-9040-4A59-A7B7-BE19401A16BA}.Release|Any CPU.Build.0 = Release|Any CPU
	EndGlobalSection
	GlobalSection(SolutionProperties) = preSolution
		HideSolutionNode = FALSE
	EndGlobalSection
	GlobalSection(NestedProjects) = preSolution
		{68CACDB4-5D51-4371-B4D9-1CA4A6C30E70} = {856B98D4-35E7-4C14-9AEC-6E1F27ED4D28}
		{8F1C7573-9040-4A59-A7B7-BE19401A16BA} = {856B98D4-35E7-4C14-9AEC-6E1F27ED4D28}
	EndGlobalSection
	GlobalSection(ExtensibilityGlobals) = postSolution
		SolutionGuid = {46D49F35-8D45-4C18-8BA8-4425D83F4929}
	EndGlobalSection
EndGlobal
