
Microsoft Visual Studio Solution File, Format Version 12.00
# Visual Studio Version 16
VisualStudioVersion = 16.0.29728.190
MinimumVisualStudioVersion = 10.0.40219.1
Project("{2150E333-8FDC-42A3-9474-1A3956D46DE8}") = "NetworkModelService", "NetworkModelService", "{856B98D4-35E7-4C14-9AEC-6E1F27ED4D28}"
EndProject
Project("{FAE04EC0-301F-11D3-BF4B-00C04F79EFBC}") = "CIMProfileCreator", "CIMProfileCreator\CIMProfileCreator.csproj", "{68CACDB4-5D51-4371-B4D9-1CA4A6C30E70}"
EndProject
Project("{FAE04EC0-301F-11D3-BF4B-00C04F79EFBC}") = "CIMParser", "CIMParser\CIMParser.csproj", "{8F1C7573-9040-4A59-A7B7-BE19401A16BA}"
EndProject
Project("{2150E333-8FDC-42A3-9474-1A3956D46DE8}") = "Common", "Common", "{3AD9421D-39F2-4473-B847-0DE0E9A33830}"
EndProject
Project("{FAE04EC0-301F-11D3-BF4B-00C04F79EFBC}") = "Common", "Common\Common.csproj", "{1A25E169-5AD7-48A8-B29C-80714B207DFB}"
EndProject
Project("{FAE04EC0-301F-11D3-BF4B-00C04F79EFBC}") = "CIMAdapter", "CIMAdapter\CIMAdapter.csproj", "{F2BBD3EF-B498-49E1-9DD7-D511206B9807}"
EndProject
Project("{2150E333-8FDC-42A3-9474-1A3956D46DE8}") = "NMS", "NMS", "{53CE37F2-A043-4FC9-87B9-536F8728554A}"
EndProject
Project("{2150E333-8FDC-42A3-9474-1A3956D46DE8}") = "TestClient", "TestClient", "{279038B3-6EEA-49ED-B7C5-15D9F788EC3F}"
EndProject
Project("{FAE04EC0-301F-11D3-BF4B-00C04F79EFBC}") = "NMSTestClient", "NMSTestClient\NMSTestClient.csproj", "{A1B0E1D3-2D11-478F-ADFF-8FEF127E9D2F}"
EndProject
Project("{FAE04EC0-301F-11D3-BF4B-00C04F79EFBC}") = "DataModel", "DataModel\DataModel.csproj", "{E4128EB9-5AE3-48FB-86F7-61C4B811B3D8}"
EndProject
Project("{FAE04EC0-301F-11D3-BF4B-00C04F79EFBC}") = "NetworkModelService", "NetworkModelService\NetworkModelService.csproj", "{50BB73F6-9885-49D1-A3EA-AC09508FD6ED}"
EndProject
Project("{FAE04EC0-301F-11D3-BF4B-00C04F79EFBC}") = "NetworkModelServiceSelfHost", "NetworkModelServiceSelfHost\NetworkModelServiceSelfHost.csproj", "{F802EAA5-4748-44BE-908F-DF63E30C3621}"
EndProject
Project("{2150E333-8FDC-42A3-9474-1A3956D46DE8}") = "ServiceContracts", "ServiceContracts", "{C2A2E1CE-41FA-4023-BB07-F8A41BA49488}"
EndProject
Project("{FAE04EC0-301F-11D3-BF4B-00C04F79EFBC}") = "NetworkModelGDAContract", "NetworkModelGDAContract\NetworkModelGDAContract.csproj", "{44ED8F55-8954-4AF7-8017-11623D7688E9}"
EndProject
Global
	GlobalSection(SolutionConfigurationPlatforms) = preSolution
		Debug|Any CPU = Debug|Any CPU
		Release|Any CPU = Release|Any CPU
	EndGlobalSection
	GlobalSection(ProjectConfigurationPlatforms) = postSolution
		{68CACDB4-5D51-4371-B4D9-1CA4A6C30E70}.Debug|Any CPU.ActiveCfg = Debug|Any CPU
		{68CACDB4-5D51-4371-B4D9-1CA4A6C30E70}.Debug|Any CPU.Build.0 = Debug|Any CPU
		{68CACDB4-5D51-4371-B4D9-1CA4A6C30E70}.Release|Any CPU.ActiveCfg = Release|Any CPU
		{68CACDB4-5D51-4371-B4D9-1CA4A6C30E70}.Release|Any CPU.Build.0 = Release|Any CPU
		{8F1C7573-9040-4A59-A7B7-BE19401A16BA}.Debug|Any CPU.ActiveCfg = Debug|Any CPU
		{8F1C7573-9040-4A59-A7B7-BE19401A16BA}.Debug|Any CPU.Build.0 = Debug|Any CPU
		{8F1C7573-9040-4A59-A7B7-BE19401A16BA}.Release|Any CPU.ActiveCfg = Release|Any CPU
		{8F1C7573-9040-4A59-A7B7-BE19401A16BA}.Release|Any CPU.Build.0 = Release|Any CPU
		{1A25E169-5AD7-48A8-B29C-80714B207DFB}.Debug|Any CPU.ActiveCfg = Debug|Any CPU
		{1A25E169-5AD7-48A8-B29C-80714B207DFB}.Debug|Any CPU.Build.0 = Debug|Any CPU
		{1A25E169-5AD7-48A8-B29C-80714B207DFB}.Release|Any CPU.ActiveCfg = Release|Any CPU
		{1A25E169-5AD7-48A8-B29C-80714B207DFB}.Release|Any CPU.Build.0 = Release|Any CPU
		{F2BBD3EF-B498-49E1-9DD7-D511206B9807}.Debug|Any CPU.ActiveCfg = Debug|Any CPU
		{F2BBD3EF-B498-49E1-9DD7-D511206B9807}.Debug|Any CPU.Build.0 = Debug|Any CPU
		{F2BBD3EF-B498-49E1-9DD7-D511206B9807}.Release|Any CPU.ActiveCfg = Release|Any CPU
		{F2BBD3EF-B498-49E1-9DD7-D511206B9807}.Release|Any CPU.Build.0 = Release|Any CPU
		{A1B0E1D3-2D11-478F-ADFF-8FEF127E9D2F}.Debug|Any CPU.ActiveCfg = Debug|Any CPU
		{A1B0E1D3-2D11-478F-ADFF-8FEF127E9D2F}.Debug|Any CPU.Build.0 = Debug|Any CPU
		{A1B0E1D3-2D11-478F-ADFF-8FEF127E9D2F}.Release|Any CPU.ActiveCfg = Release|Any CPU
		{A1B0E1D3-2D11-478F-ADFF-8FEF127E9D2F}.Release|Any CPU.Build.0 = Release|Any CPU
		{E4128EB9-5AE3-48FB-86F7-61C4B811B3D8}.Debug|Any CPU.ActiveCfg = Debug|Any CPU
		{E4128EB9-5AE3-48FB-86F7-61C4B811B3D8}.Debug|Any CPU.Build.0 = Debug|Any CPU
		{E4128EB9-5AE3-48FB-86F7-61C4B811B3D8}.Release|Any CPU.ActiveCfg = Release|Any CPU
		{E4128EB9-5AE3-48FB-86F7-61C4B811B3D8}.Release|Any CPU.Build.0 = Release|Any CPU
		{50BB73F6-9885-49D1-A3EA-AC09508FD6ED}.Debug|Any CPU.ActiveCfg = Debug|Any CPU
		{50BB73F6-9885-49D1-A3EA-AC09508FD6ED}.Debug|Any CPU.Build.0 = Debug|Any CPU
		{50BB73F6-9885-49D1-A3EA-AC09508FD6ED}.Release|Any CPU.ActiveCfg = Release|Any CPU
		{50BB73F6-9885-49D1-A3EA-AC09508FD6ED}.Release|Any CPU.Build.0 = Release|Any CPU
		{F802EAA5-4748-44BE-908F-DF63E30C3621}.Debug|Any CPU.ActiveCfg = Debug|Any CPU
		{F802EAA5-4748-44BE-908F-DF63E30C3621}.Debug|Any CPU.Build.0 = Debug|Any CPU
		{F802EAA5-4748-44BE-908F-DF63E30C3621}.Release|Any CPU.ActiveCfg = Release|Any CPU
		{F802EAA5-4748-44BE-908F-DF63E30C3621}.Release|Any CPU.Build.0 = Release|Any CPU
		{44ED8F55-8954-4AF7-8017-11623D7688E9}.Debug|Any CPU.ActiveCfg = Debug|Any CPU
		{44ED8F55-8954-4AF7-8017-11623D7688E9}.Debug|Any CPU.Build.0 = Debug|Any CPU
		{44ED8F55-8954-4AF7-8017-11623D7688E9}.Release|Any CPU.ActiveCfg = Release|Any CPU
		{44ED8F55-8954-4AF7-8017-11623D7688E9}.Release|Any CPU.Build.0 = Release|Any CPU
	EndGlobalSection
	GlobalSection(SolutionProperties) = preSolution
		HideSolutionNode = FALSE
	EndGlobalSection
	GlobalSection(NestedProjects) = preSolution
		{68CACDB4-5D51-4371-B4D9-1CA4A6C30E70} = {856B98D4-35E7-4C14-9AEC-6E1F27ED4D28}
		{8F1C7573-9040-4A59-A7B7-BE19401A16BA} = {856B98D4-35E7-4C14-9AEC-6E1F27ED4D28}
		{1A25E169-5AD7-48A8-B29C-80714B207DFB} = {3AD9421D-39F2-4473-B847-0DE0E9A33830}
		{F2BBD3EF-B498-49E1-9DD7-D511206B9807} = {856B98D4-35E7-4C14-9AEC-6E1F27ED4D28}
		{53CE37F2-A043-4FC9-87B9-536F8728554A} = {856B98D4-35E7-4C14-9AEC-6E1F27ED4D28}
		{279038B3-6EEA-49ED-B7C5-15D9F788EC3F} = {53CE37F2-A043-4FC9-87B9-536F8728554A}
		{A1B0E1D3-2D11-478F-ADFF-8FEF127E9D2F} = {279038B3-6EEA-49ED-B7C5-15D9F788EC3F}
		{E4128EB9-5AE3-48FB-86F7-61C4B811B3D8} = {53CE37F2-A043-4FC9-87B9-536F8728554A}
		{50BB73F6-9885-49D1-A3EA-AC09508FD6ED} = {53CE37F2-A043-4FC9-87B9-536F8728554A}
		{F802EAA5-4748-44BE-908F-DF63E30C3621} = {53CE37F2-A043-4FC9-87B9-536F8728554A}
		{C2A2E1CE-41FA-4023-BB07-F8A41BA49488} = {856B98D4-35E7-4C14-9AEC-6E1F27ED4D28}
		{44ED8F55-8954-4AF7-8017-11623D7688E9} = {C2A2E1CE-41FA-4023-BB07-F8A41BA49488}
	EndGlobalSection
	GlobalSection(ExtensibilityGlobals) = postSolution
		SolutionGuid = {46D49F35-8D45-4C18-8BA8-4425D83F4929}
	EndGlobalSection
EndGlobal
